
Microsoft Visual Studio Solution File, Format Version 12.00
# Visual Studio Version 17
VisualStudioVersion = 17.5.33516.290
MinimumVisualStudioVersion = 10.0.40219.1
Project("{FAE04EC0-301F-11D3-BF4B-00C04F79EFBC}") = "TurstedBWeb", "TurstedBWeb\TurstedBWeb.csproj", "{162BC977-63CF-41D7-B597-B67BAE86DE58}"
EndProject
Global
	GlobalSection(SolutionConfigurationPlatforms) = preSolution
		Debug|Any CPU = Debug|Any CPU
		Release|Any CPU = Release|Any CPU
	EndGlobalSection
	GlobalSection(ProjectConfigurationPlatforms) = postSolution
		{162BC977-63CF-41D7-B597-B67BAE86DE58}.Debug|Any CPU.ActiveCfg = Debug|Any CPU
		{162BC977-63CF-41D7-B597-B67BAE86DE58}.Debug|Any CPU.Build.0 = Debug|Any CPU
		{162BC977-63CF-41D7-B597-B67BAE86DE58}.Release|Any CPU.ActiveCfg = Release|Any CPU
		{162BC977-63CF-41D7-B597-B67BAE86DE58}.Release|Any CPU.Build.0 = Release|Any CPU
	EndGlobalSection
	GlobalSection(SolutionProperties) = preSolution
		HideSolutionNode = FALSE
	EndGlobalSection
	GlobalSection(ExtensibilityGlobals) = postSolution
		SolutionGuid = {4634A44F-352E-4BEC-9901-75D4C4B951B6}
	EndGlobalSection
EndGlobal
